
Microsoft Visual Studio Solution File, Format Version 12.00
# Visual Studio Version 17
VisualStudioVersion = 17.7.34221.43
MinimumVisualStudioVersion = 10.0.40219.1
Project("{FAE04EC0-301F-11D3-BF4B-00C04F79EFBC}") = "MagicVilla_API", "MagicVilla_API\MagicVilla_API.csproj", "{6793A171-8A25-4422-A7B5-D9AC43D052A5}"
EndProject
Global
	GlobalSection(SolutionConfigurationPlatforms) = preSolution
		Debug|Any CPU = Debug|Any CPU
		Release|Any CPU = Release|Any CPU
	EndGlobalSection
	GlobalSection(ProjectConfigurationPlatforms) = postSolution
		{6793A171-8A25-4422-A7B5-D9AC43D052A5}.Debug|Any CPU.ActiveCfg = Debug|Any CPU
		{6793A171-8A25-4422-A7B5-D9AC43D052A5}.Debug|Any CPU.Build.0 = Debug|Any CPU
		{6793A171-8A25-4422-A7B5-D9AC43D052A5}.Release|Any CPU.ActiveCfg = Release|Any CPU
		{6793A171-8A25-4422-A7B5-D9AC43D052A5}.Release|Any CPU.Build.0 = Release|Any CPU
	EndGlobalSection
	GlobalSection(SolutionProperties) = preSolution
		HideSolutionNode = FALSE
	EndGlobalSection
	GlobalSection(ExtensibilityGlobals) = postSolution
		SolutionGuid = {2D4B43C0-F7A0-4E06-B65F-2FDB47BB9512}
	EndGlobalSection
EndGlobal
